// !$*UTF8*$!
{
	archiveVersion = 1;
	classes = {
	};
	objectVersion = 77;
	objects = {

/* Begin PBXBuildFile section */
		3C0B89873008ACD700231A43 /* RollDetector.swift in Sources */ = {isa = PBXBuildFile; fileRef = 3C0B89863008ACD700231A43 /* RollDetector.swift */; };
		3C0B89893008AD0700231A43 /* FlowerViewModel.swift in Sources */ = {isa = PBXBuildFile; fileRef = 3C0B89883008AD0700231A43 /* FlowerViewModel.swift */; };
		3CF7A4FA300D1C86004C1AE1 /* Lottie in Frameworks */ = {isa = PBXBuildFile; productRef = 3CF7A4F9300D1C86004C1AE1 /* Lottie */; };
/* End PBXBuildFile section */

/* Begin PBXContainerItemProxy section */
		3C6212353007C60E000F0CF0 /* PBXContainerItemProxy */ = {
			isa = PBXContainerItemProxy;
			containerPortal = 3C62121A3007C60C000F0CF0 /* Project object */;
			proxyType = 1;
			remoteGlobalIDString = 3C6212213007C60C000F0CF0;
			remoteInfo = PluckBuddy;
		};
		3C62123F3007C60E000F0CF0 /* PBXContainerItemProxy */ = {
			isa = PBXContainerItemProxy;
			containerPortal = 3C62121A3007C60C000F0CF0 /* Project object */;
			proxyType = 1;
			remoteGlobalIDString = 3C6212213007C60C000F0CF0;
			remoteInfo = PluckBuddy;
		};
/* End PBXContainerItemProxy section */

/* Begin PBXFileReference section */
		3C0B89863008ACD700231A43 /* RollDetector.swift */ = {isa = PBXFileReference; lastKnownFileType = sourcecode.swift; path = RollDetector.swift; sourceTree = "<group>"; };
		3C0B89883008AD0700231A43 /* FlowerViewModel.swift */ = {isa = PBXFileReference; lastKnownFileType = sourcecode.swift; path = FlowerViewModel.swift; sourceTree = "<group>"; };
		3C6212223007C60C000F0CF0 /* PluckBuddy.app */ = {isa = PBXFileReference; explicitFileType = wrapper.application; includeInIndex = 0; path = PluckBuddy.app; sourceTree = BUILT_PRODUCTS_DIR; };
		3C6212343007C60E000F0CF0 /* PluckBuddyTests.xctest */ = {isa = PBXFileReference; explicitFileType = wrapper.cfbundle; includeInIndex = 0; path = PluckBuddyTests.xctest; sourceTree = BUILT_PRODUCTS_DIR; };
		3C62123E3007C60E000F0CF0 /* PluckBuddyUITests.xctest */ = {isa = PBXFileReference; explicitFileType = wrapper.cfbundle; includeInIndex = 0; path = PluckBuddyUITests.xctest; sourceTree = BUILT_PRODUCTS_DIR; };
/* End PBXFileReference section */

/* Begin PBXFileSystemSynchronizedBuildFileExceptionSet section */
		3C0B89523007CFA500231A43 /* Exceptions for "PluckBuddy" folder in "PluckBuddy" target */ = {
			isa = PBXFileSystemSynchronizedBuildFileExceptionSet;
			membershipExceptions = (
				PitchDetectorTests.swift,
			);
			target = 3C6212213007C60C000F0CF0 /* PluckBuddy */;
		};
		3C0B89533007CFA500231A43 /* Exceptions for "PluckBuddy" folder in "PluckBuddyTests" target */ = {
			isa = PBXFileSystemSynchronizedBuildFileExceptionSet;
			membershipExceptions = (
				PitchDetectorTests.swift,
			);
			target = 3C6212333007C60E000F0CF0 /* PluckBuddyTests */;
		};
/* End PBXFileSystemSynchronizedBuildFileExceptionSet section */

/* Begin PBXFileSystemSynchronizedRootGroup section */
		3C6212243007C60C000F0CF0 /* PluckBuddy */ = {
			isa = PBXFileSystemSynchronizedRootGroup;
			exceptions = (
				3C0B89523007CFA500231A43 /* Exceptions for "PluckBuddy" folder in "PluckBuddy" target */,
				3C0B89533007CFA500231A43 /* Exceptions for "PluckBuddy" folder in "PluckBuddyTests" target */,
			);
			path = PluckBuddy;
			sourceTree = "<group>";
		};
		3C6212373007C60E000F0CF0 /* PluckBuddyTests */ = {
			isa = PBXFileSystemSynchronizedRootGroup;
			path = PluckBuddyTests;
			sourceTree = "<group>";
		};
		3C6212413007C60E000F0CF0 /* PluckBuddyUITests */ = {
			isa = PBXFileSystemSynchronizedRootGroup;
			path = PluckBuddyUITests;
			sourceTree = "<group>";
		};
/* End PBXFileSystemSynchronizedRootGroup section */

/* Begin PBXFrameworksBuildPhase section */
		3C62121F3007C60C000F0CF0 /* Frameworks */ = {
			isa = PBXFrameworksBuildPhase;
			buildActionMask = 2147483647;
			files = (
				3CF7A4FA300D1C86004C1AE1 /* Lottie in Frameworks */,
			);
			runOnlyForDeploymentPostprocessing = 0;
		};
		3C6212313007C60E000F0CF0 /* Frameworks */ = {
			isa = PBXFrameworksBuildPhase;
			buildActionMask = 2147483647;
			files = (
			);
			runOnlyForDeploymentPostprocessing = 0;
		};
		3C62123B3007C60E000F0CF0 /* Frameworks */ = {
			isa = PBXFrameworksBuildPhase;
			buildActionMask = 2147483647;
			files = (
			);
			runOnlyForDeploymentPostprocessing = 0;
		};
/* End PBXFrameworksBuildPhase section */

/* Begin PBXGroup section */
		3C6212193007C60C000F0CF0 = {
			isa = PBXGroup;
			children = (
				3C6212243007C60C000F0CF0 /* PluckBuddy */,
				3C6212373007C60E000F0CF0 /* PluckBuddyTests */,
				3C6212413007C60E000F0CF0 /* PluckBuddyUITests */,
				3C6212233007C60C000F0CF0 /* Products */,
				3C0B89863008ACD700231A43 /* RollDetector.swift */,
				3C0B89883008AD0700231A43 /* FlowerViewModel.swift */,
				3CF7A4F8300D1C86004C1AE1 /* Frameworks */,
			);
			sourceTree = "<group>";
		};
		3C6212233007C60C000F0CF0 /* Products */ = {
			isa = PBXGroup;
			children = (
				3C6212223007C60C000F0CF0 /* PluckBuddy.app */,
				3C6212343007C60E000F0CF0 /* PluckBuddyTests.xctest */,
				3C62123E3007C60E000F0CF0 /* PluckBuddyUITests.xctest */,
			);
			name = Products;
			sourceTree = "<group>";
		};
		3CF7A4F8300D1C86004C1AE1 /* Frameworks */ = {
			isa = PBXGroup;
			children = (
			);
			name = Frameworks;
			sourceTree = "<group>";
		};
/* End PBXGroup section */

/* Begin PBXNativeTarget section */
		3C6212213007C60C000F0CF0 /* PluckBuddy */ = {
			isa = PBXNativeTarget;
			buildConfigurationList = 3C6212483007C60E000F0CF0 /* Build configuration list for PBXNativeTarget "PluckBuddy" */;
			buildPhases = (
				3C62121E3007C60C000F0CF0 /* Sources */,
				3C62121F3007C60C000F0CF0 /* Frameworks */,
				3C6212203007C60C000F0CF0 /* Resources */,
			);
			buildRules = (
			);
			dependencies = (
			);
			fileSystemSynchronizedGroups = (
				3C6212243007C60C000F0CF0 /* PluckBuddy */,
			);
			name = PluckBuddy;
			packageProductDependencies = (
				3CF7A4F9300D1C86004C1AE1 /* Lottie */,
			);
			productName = PluckBuddy;
			productReference = 3C6212223007C60C000F0CF0 /* PluckBuddy.app */;
			productType = "com.apple.product-type.application";
		};
		3C6212333007C60E000F0CF0 /* PluckBuddyTests */ = {
			isa = PBXNativeTarget;
			buildConfigurationList = 3C62124B3007C60E000F0CF0 /* Build configuration list for PBXNativeTarget "PluckBuddyTests" */;
			buildPhases = (
				3C6212303007C60E000F0CF0 /* Sources */,
				3C6212313007C60E000F0CF0 /* Frameworks */,
				3C6212323007C60E000F0CF0 /* Resources */,
			);
			buildRules = (
			);
			dependencies = (
				3C6212363007C60E000F0CF0 /* PBXTargetDependency */,
			);
			fileSystemSynchronizedGroups = (
				3C6212373007C60E000F0CF0 /* PluckBuddyTests */,
			);
			name = PluckBuddyTests;
			packageProductDependencies = (
			);
			productName = PluckBuddyTests;
			productReference = 3C6212343007C60E000F0CF0 /* PluckBuddyTests.xctest */;
			productType = "com.apple.product-type.bundle.unit-test";
		};
		3C62123D3007C60E000F0CF0 /* PluckBuddyUITests */ = {
			isa = PBXNativeTarget;
			buildConfigurationList = 3C62124E3007C60E000F0CF0 /* Build configuration list for PBXNativeTarget "PluckBuddyUITests" */;
			buildPhases = (
				3C62123A3007C60E000F0CF0 /* Sources */,
				3C62123B3007C60E000F0CF0 /* Frameworks */,
				3C62123C3007C60E000F0CF0 /* Resources */,
			);
			buildRules = (
			);
			dependencies = (
				3C6212403007C60E000F0CF0 /* PBXTargetDependency */,
			);
			fileSystemSynchronizedGroups = (
				3C6212413007C60E000F0CF0 /* PluckBuddyUITests */,
			);
			name = PluckBuddyUITests;
			packageProductDependencies = (
			);
			productName = PluckBuddyUITests;
			productReference = 3C62123E3007C60E000F0CF0 /* PluckBuddyUITests.xctest */;
			productType = "com.apple.product-type.bundle.ui-testing";
		};
/* End PBXNativeTarget section */

/* Begin PBXProject section */
		3C62121A3007C60C000F0CF0 /* Project object */ = {
			isa = PBXProject;
			attributes = {
				BuildIndependentTargetsInParallel = 1;
				LastSwiftUpdateCheck = 2660;
				LastUpgradeCheck = 2660;
				TargetAttributes = {
					3C6212213007C60C000F0CF0 = {
						CreatedOnToolsVersion = 26.6;
					};
					3C6212333007C60E000F0CF0 = {
						CreatedOnToolsVersion = 26.6;
						TestTargetID = 3C6212213007C60C000F0CF0;
					};
					3C62123D3007C60E000F0CF0 = {
						CreatedOnToolsVersion = 26.6;
						TestTargetID = 3C6212213007C60C000F0CF0;
					};
				};
			};
			buildConfigurationList = 3C62121D3007C60C000F0CF0 /* Build configuration list for PBXProject "PluckBuddy" */;
			developmentRegion = en;
			hasScannedForEncodings = 0;
			knownRegions = (
				en,
				Base,
			);
			mainGroup = 3C6212193007C60C000F0CF0;
			minimizedProjectReferenceProxies = 1;
			packageReferences = (
				3CF7A4EF300D180F004C1AE1 /* XCRemoteSwiftPackageReference "lottie-spm" */,
			);
			preferredProjectObjectVersion = 77;
			productRefGroup = 3C6212233007C60C000F0CF0 /* Products */;
			projectDirPath = "";
			projectRoot = "";
			targets = (
				3C6212213007C60C000F0CF0 /* PluckBuddy */,
				3C6212333007C60E000F0CF0 /* PluckBuddyTests */,
				3C62123D3007C60E000F0CF0 /* PluckBuddyUITests */,
			);
		};
/* End PBXProject section */

/* Begin PBXResourcesBuildPhase section */
		3C6212203007C60C000F0CF0 /* Resources */ = {
			isa = PBXResourcesBuildPhase;
			buildActionMask = 2147483647;
			files = (
			);
			runOnlyForDeploymentPostprocessing = 0;
		};
		3C6212323007C60E000F0CF0 /* Resources */ = {
			isa = PBXResourcesBuildPhase;
			buildActionMask = 2147483647;
			files = (
			);
			runOnlyForDeploymentPostprocessing = 0;
		};
		3C62123C3007C60E000F0CF0 /* Resources */ = {
			isa = PBXResourcesBuildPhase;
			buildActionMask = 2147483647;
			files = (
			);
			runOnlyForDeploymentPostprocessing = 0;
		};
/* End PBXResourcesBuildPhase section */

/* Begin PBXSourcesBuildPhase section */
		3C62121E3007C60C000F0CF0 /* Sources */ = {
			isa = PBXSourcesBuildPhase;
			buildActionMask = 2147483647;
			files = (
				3C0B89893008AD0700231A43 /* FlowerViewModel.swift in Sources */,
				3C0B89873008ACD700231A43 /* RollDetector.swift in Sources */,
			);
			runOnlyForDeploymentPostprocessing = 0;
		};
		3C6212303007C60E000F0CF0 /* Sources */ = {
			isa = PBXSourcesBuildPhase;
			buildActionMask = 2147483647;
			files = (
			);
			runOnlyForDeploymentPostprocessing = 0;
		};
		3C62123A3007C60E000F0CF0 /* Sources */ = {
			isa = PBXSourcesBuildPhase;
			buildActionMask = 2147483647;
			files = (
			);
			runOnlyForDeploymentPostprocessing = 0;
		};
/* End PBXSourcesBuildPhase section */

/* Begin PBXTargetDependency section */
		3C6212363007C60E000F0CF0 /* PBXTargetDependency */ = {
			isa = PBXTargetDependency;
			target = 3C6212213007C60C000F0CF0 /* PluckBuddy */;
			targetProxy = 3C6212353007C60E000F0CF0 /* PBXContainerItemProxy */;
		};
		3C6212403007C60E000F0CF0 /* PBXTargetDependency */ = {
			isa = PBXTargetDependency;
			target = 3C6212213007C60C000F0CF0 /* PluckBuddy */;
			targetProxy = 3C62123F3007C60E000F0CF0 /* PBXContainerItemProxy */;
		};
/* End PBXTargetDependency section */

/* Begin XCBuildConfiguration section */
		3C6212463007C60E000F0CF0 /* Debug */ = {
			isa = XCBuildConfiguration;
			buildSettings = {
				ALWAYS_SEARCH_USER_PATHS = NO;
				ASSETCATALOG_COMPILER_GENERATE_SWIFT_ASSET_SYMBOL_EXTENSIONS = YES;
				CLANG_ANALYZER_NONNULL = YES;
				CLANG_ANALYZER_NUMBER_OBJECT_CONVERSION = YES_AGGRESSIVE;
				CLANG_CXX_LANGUAGE_STANDARD = "gnu++20";
				CLANG_ENABLE_MODULES = YES;
				CLANG_ENABLE_OBJC_ARC = YES;
				CLANG_ENABLE_OBJC_WEAK = YES;
				CLANG_WARN_BLOCK_CAPTURE_AUTORELEASING = YES;
				CLANG_WARN_BOOL_CONVERSION = YES;
				CLANG_WARN_COMMA = YES;
				CLANG_WARN_CONSTANT_CONVERSION = YES;
				CLANG_WARN_DEPRECATED_OBJC_IMPLEMENTATIONS = YES;
				CLANG_WARN_DIRECT_OBJC_ISA_USAGE = YES_ERROR;
				CLANG_WARN_DOCUMENTATION_COMMENTS = YES;
				CLANG_WARN_EMPTY_BODY = YES;
				CLANG_WARN_ENUM_CONVERSION = YES;
				CLANG_WARN_INFINITE_RECURSION = YES;
				CLANG_WARN_INT_CONVERSION = YES;
				CLANG_WARN_NON_LITERAL_NULL_CONVERSION = YES;
				CLANG_WARN_OBJC_IMPLICIT_RETAIN_SELF = YES;
				CLANG_WARN_OBJC_LITERAL_CONVERSION = YES;
				CLANG_WARN_OBJC_ROOT_CLASS = YES_ERROR;
				CLANG_WARN_QUOTED_INCLUDE_IN_FRAMEWORK_HEADER = YES;
				CLANG_WARN_RANGE_LOOP_ANALYSIS = YES;
				CLANG_WARN_STRICT_PROTOTYPES = YES;
				CLANG_WARN_SUSPICIOUS_MOVE = YES;
				CLANG_WARN_UNGUARDED_AVAILABILITY = YES_AGGRESSIVE;
				CLANG_WARN_UNREACHABLE_CODE = YES;
				CLANG_WARN__DUPLICATE_METHOD_MATCH = YES;
				COPY_PHASE_STRIP = NO;
				DEBUG_INFORMATION_FORMAT = dwarf;
				DEVELOPMENT_TEAM = X7V7MYFW62;
				ENABLE_STRICT_OBJC_MSGSEND = YES;
				ENABLE_TESTABILITY = YES;
				ENABLE_USER_SCRIPT_SANDBOXING = YES;
				GCC_C_LANGUAGE_STANDARD = gnu17;
				GCC_DYNAMIC_NO_PIC = NO;
				GCC_NO_COMMON_BLOCKS = YES;
				GCC_OPTIMIZATION_LEVEL = 0;
				GCC_PREPROCESSOR_DEFINITIONS = (
					"DEBUG=1",
					"$(inherited)",
				);
				GCC_WARN_64_TO_32_BIT_CONVERSION = YES;
				GCC_WARN_ABOUT_RETURN_TYPE = YES_ERROR;
				GCC_WARN_UNDECLARED_SELECTOR = YES;
				GCC_WARN_UNINITIALIZED_AUTOS = YES_AGGRESSIVE;
				GCC_WARN_UNUSED_FUNCTION = YES;
				GCC_WARN_UNUSED_VARIABLE = YES;
				IPHONEOS_DEPLOYMENT_TARGET = 17.6;
				LOCALIZATION_PREFERS_STRING_CATALOGS = YES;
				MTL_ENABLE_DEBUG_INFO = INCLUDE_SOURCE;
				MTL_FAST_MATH = YES;
				ONLY_ACTIVE_ARCH = YES;
				SDKROOT = iphoneos;
				SWIFT_ACTIVE_COMPILATION_CONDITIONS = "DEBUG $(inherited)";
				SWIFT_OPTIMIZATION_LEVEL = "-Onone";
			};
			name = Debug;
		};
		3C6212473007C60E000F0CF0 /* Release */ = {
			isa = XCBuildConfiguration;
			buildSettings = {
				ALWAYS_SEARCH_USER_PATHS = NO;
				ASSETCATALOG_COMPILER_GENERATE_SWIFT_ASSET_SYMBOL_EXTENSIONS = YES;
				CLANG_ANALYZER_NONNULL = YES;
				CLANG_ANALYZER_NUMBER_OBJECT_CONVERSION = YES_AGGRESSIVE;
				CLANG_CXX_LANGUAGE_STANDARD = "gnu++20";
				CLANG_ENABLE_MODULES = YES;
				CLANG_ENABLE_OBJC_ARC = YES;
				CLANG_ENABLE_OBJC_WEAK = YES;
				CLANG_WARN_BLOCK_CAPTURE_AUTORELEASING = YES;
				CLANG_WARN_BOOL_CONVERSION = YES;
				CLANG_WARN_COMMA = YES;
				CLANG_WARN_CONSTANT_CONVERSION = YES;
				CLANG_WARN_DEPRECATED_OBJC_IMPLEMENTATIONS = YES;
				CLANG_WARN_DIRECT_OBJC_ISA_USAGE = YES_ERROR;
				CLANG_WARN_DOCUMENTATION_COMMENTS = YES;
				CLANG_WARN_EMPTY_BODY = YES;
				CLANG_WARN_ENUM_CONVERSION = YES;
				CLANG_WARN_INFINITE_RECURSION = YES;
				CLANG_WARN_INT_CONVERSION = YES;
				CLANG_WARN_NON_LITERAL_NULL_CONVERSION = YES;
				CLANG_WARN_OBJC_IMPLICIT_RETAIN_SELF = YES;
				CLANG_WARN_OBJC_LITERAL_CONVERSION = YES;
				CLANG_WARN_OBJC_ROOT_CLASS = YES_ERROR;
				CLANG_WARN_QUOTED_INCLUDE_IN_FRAMEWORK_HEADER = YES;
				CLANG_WARN_RANGE_LOOP_ANALYSIS = YES;
				CLANG_WARN_STRICT_PROTOTYPES = YES;
				CLANG_WARN_SUSPICIOUS_MOVE = YES;
				CLANG_WARN_UNGUARDED_AVAILABILITY = YES_AGGRESSIVE;
				CLANG_WARN_UNREACHABLE_CODE = YES;
				CLANG_WARN__DUPLICATE_METHOD_MATCH = YES;
				COPY_PHASE_STRIP = NO;
				DEBUG_INFORMATION_FORMAT = "dwarf-with-dsym";
				DEVELOPMENT_TEAM = X7V7MYFW62;
				ENABLE_NS_ASSERTIONS = NO;
				ENABLE_STRICT_OBJC_MSGSEND = YES;
				ENABLE_USER_SCRIPT_SANDBOXING = YES;
				GCC_C_LANGUAGE_STANDARD = gnu17;
				GCC_NO_COMMON_BLOCKS = YES;
				GCC_WARN_64_TO_32_BIT_CONVERSION = YES;
				GCC_WARN_ABOUT_RETURN_TYPE = YES_ERROR;
				GCC_WARN_UNDECLARED_SELECTOR = YES;
				GCC_WARN_UNINITIALIZED_AUTOS = YES_AGGRESSIVE;
				GCC_WARN_UNUSED_FUNCTION = YES;
				GCC_WARN_UNUSED_VARIABLE = YES;
				IPHONEOS_DEPLOYMENT_TARGET = 17.6;
				LOCALIZATION_PREFERS_STRING_CATALOGS = YES;
				MTL_ENABLE_DEBUG_INFO = NO;
				MTL_FAST_MATH = YES;
				SDKROOT = iphoneos;
				SWIFT_COMPILATION_MODE = wholemodule;
				VALIDATE_PRODUCT = YES;
			};
			name = Release;
		};
		3C6212493007C60E000F0CF0 /* Debug */ = {
			isa = XCBuildConfiguration;
			buildSettings = {
				ASSETCATALOG_COMPILER_APPICON_NAME = AppIcon;
				ASSETCATALOG_COMPILER_GLOBAL_ACCENT_COLOR_NAME = AccentColor;
				CODE_SIGN_STYLE = Automatic;
				CURRENT_PROJECT_VERSION = 1;
				DEVELOPMENT_TEAM = RL3ML37GRS;
				ENABLE_PREVIEWS = YES;
				GENERATE_INFOPLIST_FILE = YES;
				INFOPLIST_KEY_NSCameraUsageDescription = "Camera access is needed to analyze your playing posture.";
				INFOPLIST_KEY_NSMicrophoneUsageDescription = "PluckBuddy needs microphone access to detect the pitch of your pipa and help you tune.";
				INFOPLIST_KEY_UIApplicationSceneManifest_Generation = YES;
				INFOPLIST_KEY_UIApplicationSupportsIndirectInputEvents = YES;
				INFOPLIST_KEY_UILaunchScreen_Generation = YES;
				INFOPLIST_KEY_UISupportedInterfaceOrientations_iPad = "UIInterfaceOrientationPortrait UIInterfaceOrientationPortraitUpsideDown UIInterfaceOrientationLandscapeLeft UIInterfaceOrientationLandscapeRight";
				INFOPLIST_KEY_UISupportedInterfaceOrientations_iPhone = "UIInterfaceOrientationPortrait UIInterfaceOrientationLandscapeLeft UIInterfaceOrientationLandscapeRight";
				IPHONEOS_DEPLOYMENT_TARGET = 17.6;
				LD_RUNPATH_SEARCH_PATHS = (
					"$(inherited)",
					"@executable_path/Frameworks",
				);
				MARKETING_VERSION = 1.0;
				PRODUCT_BUNDLE_IDENTIFIER = com.zehuiwu.pluckbuddy.intl;
				PRODUCT_NAME = "$(TARGET_NAME)";
				STRING_CATALOG_GENERATE_SYMBOLS = YES;
				SWIFT_APPROACHABLE_CONCURRENCY = YES;
				SWIFT_DEFAULT_ACTOR_ISOLATION = MainActor;
				SWIFT_EMIT_LOC_STRINGS = YES;
				SWIFT_UPCOMING_FEATURE_MEMBER_IMPORT_VISIBILITY = YES;
				SWIFT_VERSION = 5.0;
				TARGETED_DEVICE_FAMILY = "1,2";
			};
			name = Debug;
		};
		3C62124A3007C60E000F0CF0 /* Release */ = {
			isa = XCBuildConfiguration;
			buildSettings = {
				ASSETCATALOG_COMPILER_APPICON_NAME = AppIcon;
				ASSETCATALOG_COMPILER_GLOBAL_ACCENT_COLOR_NAME = AccentColor;
				CODE_SIGN_STYLE = Automatic;
				CURRENT_PROJECT_VERSION = 1;
				DEVELOPMENT_TEAM = RL3ML37GRS;
				ENABLE_PREVIEWS = YES;
				GENERATE_INFOPLIST_FILE = YES;
				INFOPLIST_KEY_NSCameraUsageDescription = "Camera access is needed to analyze your playing posture.";
				INFOPLIST_KEY_NSMicrophoneUsageDescription = "PluckBuddy needs microphone access to detect the pitch of your pipa and help you tune.";
				INFOPLIST_KEY_UIApplicationSceneManifest_Generation = YES;
				INFOPLIST_KEY_UIApplicationSupportsIndirectInputEvents = YES;
				INFOPLIST_KEY_UILaunchScreen_Generation = YES;
				INFOPLIST_KEY_UISupportedInterfaceOrientations_iPad = "UIInterfaceOrientationPortrait UIInterfaceOrientationPortraitUpsideDown UIInterfaceOrientationLandscapeLeft UIInterfaceOrientationLandscapeRight";
				INFOPLIST_KEY_UISupportedInterfaceOrientations_iPhone = "UIInterfaceOrientationPortrait UIInterfaceOrientationLandscapeLeft UIInterfaceOrientationLandscapeRight";
				IPHONEOS_DEPLOYMENT_TARGET = 17.6;
				LD_RUNPATH_SEARCH_PATHS = (
					"$(inherited)",
					"@executable_path/Frameworks",
				);
				MARKETING_VERSION = 1.0;
				PRODUCT_BUNDLE_IDENTIFIER = com.zehuiwu.pluckbuddy.intl;
				PRODUCT_NAME = "$(TARGET_NAME)";
				STRING_CATALOG_GENERATE_SYMBOLS = YES;
				SWIFT_APPROACHABLE_CONCURRENCY = YES;
				SWIFT_DEFAULT_ACTOR_ISOLATION = MainActor;
				SWIFT_EMIT_LOC_STRINGS = YES;
				SWIFT_UPCOMING_FEATURE_MEMBER_IMPORT_VISIBILITY = YES;
				SWIFT_VERSION = 5.0;
				TARGETED_DEVICE_FAMILY = "1,2";
			};
			name = Release;
		};
		3C62124C3007C60E000F0CF0 /* Debug */ = {
			isa = XCBuildConfiguration;
			buildSettings = {
				BUNDLE_LOADER = "$(TEST_HOST)";
				CODE_SIGN_STYLE = Automatic;
				CURRENT_PROJECT_VERSION = 1;
				DEVELOPMENT_TEAM = X7V7MYFW62;
				GENERATE_INFOPLIST_FILE = YES;
				IPHONEOS_DEPLOYMENT_TARGET = 17.6;
				MARKETING_VERSION = 1.0;
				PRODUCT_BUNDLE_IDENTIFIER = LindaWu.PluckBuddyTests.intl;
				PRODUCT_NAME = "$(TARGET_NAME)";
				STRING_CATALOG_GENERATE_SYMBOLS = NO;
				SWIFT_APPROACHABLE_CONCURRENCY = YES;
				SWIFT_EMIT_LOC_STRINGS = NO;
				SWIFT_UPCOMING_FEATURE_MEMBER_IMPORT_VISIBILITY = YES;
				SWIFT_VERSION = 5.0;
				TARGETED_DEVICE_FAMILY = "1,2";
				TEST_HOST = "$(BUILT_PRODUCTS_DIR)/PluckBuddy.app/$(BUNDLE_EXECUTABLE_FOLDER_PATH)/PluckBuddy";
			};
			name = Debug;
		};
		3C62124D3007C60E000F0CF0 /* Release */ = {
			isa = XCBuildConfiguration;
			buildSettings = {
				BUNDLE_LOADER = "$(TEST_HOST)";
				CODE_SIGN_STYLE = Automatic;
				CURRENT_PROJECT_VERSION = 1;
				DEVELOPMENT_TEAM = X7V7MYFW62;
				GENERATE_INFOPLIST_FILE = YES;
				IPHONEOS_DEPLOYMENT_TARGET = 17.6;
				MARKETING_VERSION = 1.0;
				PRODUCT_BUNDLE_IDENTIFIER = LindaWu.PluckBuddyTests.intl;
				PRODUCT_NAME = "$(TARGET_NAME)";
				STRING_CATALOG_GENERATE_SYMBOLS = NO;
				SWIFT_APPROACHABLE_CONCURRENCY = YES;
				SWIFT_EMIT_LOC_STRINGS = NO;
				SWIFT_UPCOMING_FEATURE_MEMBER_IMPORT_VISIBILITY = YES;
				SWIFT_VERSION = 5.0;
				TARGETED_DEVICE_FAMILY = "1,2";
				TEST_HOST = "$(BUILT_PRODUCTS_DIR)/PluckBuddy.app/$(BUNDLE_EXECUTABLE_FOLDER_PATH)/PluckBuddy";
			};
			name = Release;
		};
		3C62124F3007C60E000F0CF0 /* Debug */ = {
			isa = XCBuildConfiguration;
			buildSettings = {
				CODE_SIGN_STYLE = Automatic;
				CURRENT_PROJECT_VERSION = 1;
				DEVELOPMENT_TEAM = X7V7MYFW62;
				GENERATE_INFOPLIST_FILE = YES;
				IPHONEOS_DEPLOYMENT_TARGET = 17.6;
				MARKETING_VERSION = 1.0;
				PRODUCT_BUNDLE_IDENTIFIER = LindaWu.PluckBuddyUITests;
				PRODUCT_NAME = "$(TARGET_NAME)";
				STRING_CATALOG_GENERATE_SYMBOLS = NO;
				SWIFT_APPROACHABLE_CONCURRENCY = YES;
				SWIFT_EMIT_LOC_STRINGS = NO;
				SWIFT_UPCOMING_FEATURE_MEMBER_IMPORT_VISIBILITY = YES;
				SWIFT_VERSION = 5.0;
				TARGETED_DEVICE_FAMILY = "1,2";
				TEST_TARGET_NAME = PluckBuddy;
			};
			name = Debug;
		};
		3C6212503007C60E000F0CF0 /* Release */ = {
			isa = XCBuildConfiguration;
			buildSettings = {
				CODE_SIGN_STYLE = Automatic;
				CURRENT_PROJECT_VERSION = 1;
				DEVELOPMENT_TEAM = X7V7MYFW62;
				GENERATE_INFOPLIST_FILE = YES;
				IPHONEOS_DEPLOYMENT_TARGET = 17.6;
				MARKETING_VERSION = 1.0;
				PRODUCT_BUNDLE_IDENTIFIER = LindaWu.PluckBuddyUITests;
				PRODUCT_NAME = "$(TARGET_NAME)";
				STRING_CATALOG_GENERATE_SYMBOLS = NO;
				SWIFT_APPROACHABLE_CONCURRENCY = YES;
				SWIFT_EMIT_LOC_STRINGS = NO;
				SWIFT_UPCOMING_FEATURE_MEMBER_IMPORT_VISIBILITY = YES;
				SWIFT_VERSION = 5.0;
				TARGETED_DEVICE_FAMILY = "1,2";
				TEST_TARGET_NAME = PluckBuddy;
			};
			name = Release;
		};
/* End XCBuildConfiguration section */

/* Begin XCConfigurationList section */
		3C62121D3007C60C000F0CF0 /* Build configuration list for PBXProject "PluckBuddy" */ = {
			isa = XCConfigurationList;
			buildConfigurations = (
				3C6212463007C60E000F0CF0 /* Debug */,
				3C6212473007C60E000F0CF0 /* Release */,
			);
			defaultConfigurationIsVisible = 0;
			defaultConfigurationName = Release;
		};
		3C6212483007C60E000F0CF0 /* Build configuration list for PBXNativeTarget "PluckBuddy" */ = {
			isa = XCConfigurationList;
			buildConfigurations = (
				3C6212493007C60E000F0CF0 /* Debug */,
				3C62124A3007C60E000F0CF0 /* Release */,
			);
			defaultConfigurationIsVisible = 0;
			defaultConfigurationName = Release;
		};
		3C62124B3007C60E000F0CF0 /* Build configuration list for PBXNativeTarget "PluckBuddyTests" */ = {
			isa = XCConfigurationList;
			buildConfigurations = (
				3C62124C3007C60E000F0CF0 /* Debug */,
				3C62124D3007C60E000F0CF0 /* Release */,
			);
			defaultConfigurationIsVisible = 0;
			defaultConfigurationName = Release;
		};
		3C62124E3007C60E000F0CF0 /* Build configuration list for PBXNativeTarget "PluckBuddyUITests" */ = {
			isa = XCConfigurationList;
			buildConfigurations = (
				3C62124F3007C60E000F0CF0 /* Debug */,
				3C6212503007C60E000F0CF0 /* Release */,
			);
			defaultConfigurationIsVisible = 0;
			defaultConfigurationName = Release;
		};
/* End XCConfigurationList section */

/* Begin XCRemoteSwiftPackageReference section */
		3CF7A4EF300D180F004C1AE1 /* XCRemoteSwiftPackageReference "lottie-spm" */ = {
			isa = XCRemoteSwiftPackageReference;
			repositoryURL = "https://github.com/airbnb/lottie-spm";
			requirement = {
				kind = upToNextMajorVersion;
				minimumVersion = 4.6.1;
			};
		};
/* End XCRemoteSwiftPackageReference section */

/* Begin XCSwiftPackageProductDependency section */
		3CF7A4F9300D1C86004C1AE1 /* Lottie */ = {
			isa = XCSwiftPackageProductDependency;
			package = 3CF7A4EF300D180F004C1AE1 /* XCRemoteSwiftPackageReference "lottie-spm" */;
			productName = Lottie;
		};
/* End XCSwiftPackageProductDependency section */
	};
	rootObject = 3C62121A3007C60C000F0CF0 /* Project object */;
}
